<?xml version="1.0" encoding="utf-8"?>
<Project ToolsVersion="4.0" xmlns="http://schemas.microsoft.com/developer/msbuild/2003">
  <ItemGroup>
    <Filter Include="Source Files">
      <UniqueIdentifier>{098a316a-ad88-4c7b-9af2-026346362aea}</UniqueIdentifier>
      <Extensions>cpp;c;cxx;def;odl;idl;hpj;bat;asm</Extensions>
    </Filter>
    <Filter Include="Header Files">
      <UniqueIdentifier>{d9eb77f1-8457-4843-ab77-e8a2d9584bd5}</UniqueIdentifier>
      <Extensions>h;hpp;hxx;hm;inl;inc</Extensions>
    </Filter>
    <Filter Include="Resource Files">
      <UniqueIdentifier>{d00194d8-b225-4cd5-92ee-b01462e4d61f}</UniqueIdentifier>
      <Extensions>rc;ico;cur;bmp;dlg;rc2;rct;bin;rgs;jpg;jpeg;jpe;manifest</Extensions>
    </Filter>
    <Filter Include="KeyWindow">
      <UniqueIdentifier>{8d10fba3-d034-4b6d-9553-e1996fe28846}</UniqueIdentifier>
    </Filter>
    <Filter Include="WTL">
      <UniqueIdentifier>{67d127bc-5da1-4167-a190-13083c62e803}</UniqueIdentifier>
    </Filter>
  </ItemGroup>
  <ItemGroup>
    <ClCompile Include="stdafx.cpp">
      <Filter>Source Files</Filter>
    </ClCompile>
    <ClCompile Include="ScreenKeyPad.cpp">
      <Filter>Source Files</Filter>
    </ClCompile>
    <ClCompile Include="MainDlg.cpp">
      <Filter>Source Files</Filter>
    </ClCompile>
    <ClCompile Include="KeyWindow.cpp">
      <Filter>KeyWindow</Filter>
    </ClCompile>
    <ClCompile Include="KeyDefine.cpp">
      <Filter>KeyWindow</Filter>
    </ClCompile>
  </ItemGroup>
  <ItemGroup>
    <ClInclude Include="stdafx.h">
      <Filter>Header Files</Filter>
    </ClInclude>
    <ClInclude Include="resource.h">
      <Filter>Header Files</Filter>
    </ClInclude>
    <ClInclude Include="KeyWindow.h">
      <Filter>KeyWindow</Filter>
    </ClInclude>
    <ClInclude Include="MainDlg.h">
      <Filter>Source Files</Filter>
    </ClInclude>
    <ClInclude Include="KeyDefine.h">
      <Filter>KeyWindow</Filter>
    </ClInclude>
    <ClInclude Include="WTL\atlapp.h">
      <Filter>WTL</Filter>
    </ClInclude>
    <ClInclude Include="WTL\atlcrack.h">
      <Filter>WTL</Filter>
    </ClInclude>
    <ClInclude Include="WTL\atlctrls.h">
      <Filter>WTL</Filter>
    </ClInclude>
    <ClInclude Include="WTL\atlctrlw.h">
      <Filter>WTL</Filter>
    </ClInclude>
    <ClInclude Include="WTL\atlctrlx.h">
      <Filter>WTL</Filter>
    </ClInclude>
    <ClInclude Include="WTL\atlddx.h">
      <Filter>WTL</Filter>
    </ClInclude>
    <ClInclude Include="WTL\atldlgs.h">
      <Filter>WTL</Filter>
    </ClInclude>
    <ClInclude Include="WTL\atldwm.h">
      <Filter>WTL</Filter>
    </ClInclude>
    <ClInclude Include="WTL\atlfind.h">
      <Filter>WTL</Filter>
    </ClInclude>
    <ClInclude Include="WTL\atlframe.h">
      <Filter>WTL</Filter>
    </ClInclude>
    <ClInclude Include="WTL\atlgdi.h">
      <Filter>WTL</Filter>
    </ClInclude>
    <ClInclude Include="WTL\atlmisc.h">
      <Filter>WTL</Filter>
    </ClInclude>
    <ClInclude Include="WTL\atlprint.h">
      <Filter>WTL</Filter>
    </ClInclude>
    <ClInclude Include="WTL\atlres.h">
      <Filter>WTL</Filter>
    </ClInclude>
    <ClInclude Include="WTL\atlresce.h">
      <Filter>WTL</Filter>
    </ClInclude>
    <ClInclude Include="WTL\atlribbon.h">
      <Filter>WTL</Filter>
    </ClInclude>
    <ClInclude Include="WTL\atlscrl.h">
      <Filter>WTL</Filter>
    </ClInclude>
    <ClInclude Include="WTL\atlsplit.h">
      <Filter>WTL</Filter>
    </ClInclude>
    <ClInclude Include="WTL\atltheme.h">
      <Filter>WTL</Filter>
    </ClInclude>
    <ClInclude Include="WTL\atluser.h">
      <Filter>WTL</Filter>
    </ClInclude>
    <ClInclude Include="WTL\atlwince.h">
      <Filter>WTL</Filter>
    </ClInclude>
    <ClInclude Include="WTL\atlwinx.h">
      <Filter>WTL</Filter>
    </ClInclude>
  </ItemGroup>
  <ItemGroup>
    <ResourceCompile Include="ScreenKeyPad.rc">
      <Filter>Resource Files</Filter>
    </ResourceCompile>
  </ItemGroup>
  <ItemGroup>
    <Image Include="res\ScreenKeyPad.ico">
      <Filter>Resource Files</Filter>
    </Image>
  </ItemGroup>
</Project>